
Microsoft Visual Studio Solution File, Format Version 12.00
# Visual Studio Version 17
VisualStudioVersion = 17.2.32616.157
MinimumVisualStudioVersion = 10.0.40219.1
Project("{FAE04EC0-301F-11D3-BF4B-00C04F79EFBC}") = "SchoolManagementApp", "SchoolManagementApp.csproj", "{6CD0F95F-DB9E-405F-922B-46B70124CEF8}"
EndProject
Global
	GlobalSection(SolutionConfigurationPlatforms) = preSolution
		Debug|Any CPU = Debug|Any CPU
		Release|Any CPU = Release|Any CPU
	EndGlobalSection
	GlobalSection(ProjectConfigurationPlatforms) = postSolution
		{6CD0F95F-DB9E-405F-922B-46B70124CEF8}.Debug|Any CPU.ActiveCfg = Debug|Any CPU
		{6CD0F95F-DB9E-405F-922B-46B70124CEF8}.Debug|Any CPU.Build.0 = Debug|Any CPU
		{6CD0F95F-DB9E-405F-922B-46B70124CEF8}.Release|Any CPU.ActiveCfg = Release|Any CPU
		{6CD0F95F-DB9E-405F-922B-46B70124CEF8}.Release|Any CPU.Build.0 = Release|Any CPU
	EndGlobalSection
	GlobalSection(SolutionProperties) = preSolution
		HideSolutionNode = FALSE
	EndGlobalSection
	GlobalSection(ExtensibilityGlobals) = postSolution
		SolutionGuid = {E2D009BF-280E-4798-A77D-1287CD48A9FC}
	EndGlobalSection
EndGlobal
